
Microsoft Visual Studio Solution File, Format Version 12.00
# Visual Studio Version 16
VisualStudioVersion = 16.0.31321.278
MinimumVisualStudioVersion = 10.0.40219.1
Project("{FAE04EC0-301F-11D3-BF4B-00C04F79EFBC}") = "WindowsFormsApp2", "WindowsFormsApp2\WindowsFormsApp2.csproj", "{084F5B61-4F38-4572-9F70-6A53414F145C}"
EndProject
Global
	GlobalSection(SolutionConfigurationPlatforms) = preSolution
		Debug|Any CPU = Debug|Any CPU
		Release|Any CPU = Release|Any CPU
	EndGlobalSection
	GlobalSection(ProjectConfigurationPlatforms) = postSolution
		{084F5B61-4F38-4572-9F70-6A53414F145C}.Debug|Any CPU.ActiveCfg = Debug|Any CPU
		{084F5B61-4F38-4572-9F70-6A53414F145C}.Debug|Any CPU.Build.0 = Debug|Any CPU
		{084F5B61-4F38-4572-9F70-6A53414F145C}.Release|Any CPU.ActiveCfg = Release|Any CPU
		{084F5B61-4F38-4572-9F70-6A53414F145C}.Release|Any CPU.Build.0 = Release|Any CPU
	EndGlobalSection
	GlobalSection(SolutionProperties) = preSolution
		HideSolutionNode = FALSE
	EndGlobalSection
	GlobalSection(ExtensibilityGlobals) = postSolution
		SolutionGuid = {5824C1B7-38AA-49D0-BD2B-0F816644E076}
	EndGlobalSection
EndGlobal
